// !$*UTF8*$!
{
	archiveVersion = 1;
	classes = {
	};
	objectVersion = 46;
	objects = {

/* Begin PBXBuildFile section */
		C813529D1E68C4DA00702F9F /* MapKit.framework in Frameworks */ = {isa = PBXBuildFile; fileRef = C813529C1E68C4DA00702F9F /* MapKit.framework */; };
		C81352A11E68CB1200702F9F /* landmarks.json in Resources */ = {isa = PBXBuildFile; fileRef = C81352A01E68CB1200702F9F /* landmarks.json */; };
		C81352A51E68D82A00702F9F /* LandmarkCreatorViewController.swift in Sources */ = {isa = PBXBuildFile; fileRef = C81352A41E68D82A00702F9F /* LandmarkCreatorViewController.swift */; };
		C830EF751E61BF3600200D29 /* AppDelegate.swift in Sources */ = {isa = PBXBuildFile; fileRef = C830EF741E61BF3600200D29 /* AppDelegate.swift */; };
		C830EF771E61BF3600200D29 /* MapViewController.swift in Sources */ = {isa = PBXBuildFile; fileRef = C830EF761E61BF3600200D29 /* MapViewController.swift */; };
		C830EF7A1E61BF3600200D29 /* Main.storyboard in Resources */ = {isa = PBXBuildFile; fileRef = C830EF781E61BF3600200D29 /* Main.storyboard */; };
		C830EF7C1E61BF3600200D29 /* Assets.xcassets in Resources */ = {isa = PBXBuildFile; fileRef = C830EF7B1E61BF3600200D29 /* Assets.xcassets */; };
		C830EF7F1E61BF3600200D29 /* LaunchScreen.storyboard in Resources */ = {isa = PBXBuildFile; fileRef = C830EF7D1E61BF3600200D29 /* LaunchScreen.storyboard */; };
/* End PBXBuildFile section */

/* Begin PBXFileReference section */
		C813529C1E68C4DA00702F9F /* MapKit.framework */ = {isa = PBXFileReference; lastKnownFileType = wrapper.framework; name = MapKit.framework; path = System/Library/Frameworks/MapKit.framework; sourceTree = SDKROOT; };
		C81352A01E68CB1200702F9F /* landmarks.json */ = {isa = PBXFileReference; fileEncoding = 4; lastKnownFileType = text.json; path = landmarks.json; sourceTree = "<group>"; };
		C81352A41E68D82A00702F9F /* LandmarkCreatorViewController.swift */ = {isa = PBXFileReference; fileEncoding = 4; lastKnownFileType = sourcecode.swift; path = LandmarkCreatorViewController.swift; sourceTree = "<group>"; };
		C830EF711E61BF3600200D29 /* GrandTour.app */ = {isa = PBXFileReference; explicitFileType = wrapper.application; includeInIndex = 0; path = GrandTour.app; sourceTree = BUILT_PRODUCTS_DIR; };
		C830EF741E61BF3600200D29 /* AppDelegate.swift */ = {isa = PBXFileReference; lastKnownFileType = sourcecode.swift; path = AppDelegate.swift; sourceTree = "<group>"; };
		C830EF761E61BF3600200D29 /* MapViewController.swift */ = {isa = PBXFileReference; lastKnownFileType = sourcecode.swift; path = MapViewController.swift; sourceTree = "<group>"; };
		C830EF791E61BF3600200D29 /* Base */ = {isa = PBXFileReference; lastKnownFileType = file.storyboard; name = Base; path = Base.lproj/Main.storyboard; sourceTree = "<group>"; };
		C830EF7B1E61BF3600200D29 /* Assets.xcassets */ = {isa = PBXFileReference; lastKnownFileType = folder.assetcatalog; path = Assets.xcassets; sourceTree = "<group>"; };
		C830EF7E1E61BF3600200D29 /* Base */ = {isa = PBXFileReference; lastKnownFileType = file.storyboard; name = Base; path = Base.lproj/LaunchScreen.storyboard; sourceTree = "<group>"; };
		C830EF801E61BF3600200D29 /* Info.plist */ = {isa = PBXFileReference; lastKnownFileType = text.plist.xml; path = Info.plist; sourceTree = "<group>"; };
/* End PBXFileReference section */

/* Begin PBXFrameworksBuildPhase section */
		C830EF6E1E61BF3600200D29 /* Frameworks */ = {
			isa = PBXFrameworksBuildPhase;
			buildActionMask = 2147483647;
			files = (
				C813529D1E68C4DA00702F9F /* MapKit.framework in Frameworks */,
			);
			runOnlyForDeploymentPostprocessing = 0;
		};
/* End PBXFrameworksBuildPhase section */

/* Begin PBXGroup section */
		C813529B1E68C4DA00702F9F /* Frameworks */ = {
			isa = PBXGroup;
			children = (
				C813529C1E68C4DA00702F9F /* MapKit.framework */,
			);
			name = Frameworks;
			sourceTree = "<group>";
		};
		C830EF681E61BF3600200D29 = {
			isa = PBXGroup;
			children = (
				C830EF731E61BF3600200D29 /* GrandTour */,
				C830EF721E61BF3600200D29 /* Products */,
				C813529B1E68C4DA00702F9F /* Frameworks */,
			);
			sourceTree = "<group>";
		};
		C830EF721E61BF3600200D29 /* Products */ = {
			isa = PBXGroup;
			children = (
				C830EF711E61BF3600200D29 /* GrandTour.app */,
			);
			name = Products;
			sourceTree = "<group>";
		};
		C830EF731E61BF3600200D29 /* GrandTour */ = {
			isa = PBXGroup;
			children = (
				C830EF741E61BF3600200D29 /* AppDelegate.swift */,
				C830EF761E61BF3600200D29 /* MapViewController.swift */,
				C81352A41E68D82A00702F9F /* LandmarkCreatorViewController.swift */,
				C830EF781E61BF3600200D29 /* Main.storyboard */,
				C830EF7B1E61BF3600200D29 /* Assets.xcassets */,
				C830EF7D1E61BF3600200D29 /* LaunchScreen.storyboard */,
				C830EF801E61BF3600200D29 /* Info.plist */,
				C81352A01E68CB1200702F9F /* landmarks.json */,
			);
			path = GrandTour;
			sourceTree = "<group>";
		};
/* End PBXGroup section */

/* Begin PBXNativeTarget section */
		C830EF701E61BF3600200D29 /* GrandTour */ = {
			isa = PBXNativeTarget;
			buildConfigurationList = C830EF831E61BF3600200D29 /* Build configuration list for PBXNativeTarget "GrandTour" */;
			buildPhases = (
				C830EF6D1E61BF3600200D29 /* Sources */,
				C830EF6E1E61BF3600200D29 /* Frameworks */,
				C830EF6F1E61BF3600200D29 /* Resources */,
			);
			buildRules = (
			);
			dependencies = (
			);
			name = GrandTour;
			productName = GrandTour;
			productReference = C830EF711E61BF3600200D29 /* GrandTour.app */;
			productType = "com.apple.product-type.application";
		};
/* End PBXNativeTarget section */

/* Begin PBXProject section */
		C830EF691E61BF3600200D29 /* Project object */ = {
			isa = PBXProject;
			attributes = {
				LastSwiftUpdateCheck = 0820;
				LastUpgradeCheck = 0820;
				ORGANIZATIONNAME = "Dan Cutting";
				TargetAttributes = {
					C830EF701E61BF3600200D29 = {
						CreatedOnToolsVersion = 8.2.1;
						DevelopmentTeam = J6LY6992AF;
						ProvisioningStyle = Automatic;
						SystemCapabilities = {
							com.apple.Maps.iOS = {
								enabled = 1;
							};
						};
					};
				};
			};
			buildConfigurationList = C830EF6C1E61BF3600200D29 /* Build configuration list for PBXProject "GrandTour" */;
			compatibilityVersion = "Xcode 3.2";
			developmentRegion = English;
			hasScannedForEncodings = 0;
			knownRegions = (
				en,
				Base,
			);
			mainGroup = C830EF681E61BF3600200D29;
			productRefGroup = C830EF721E61BF3600200D29 /* Products */;
			projectDirPath = "";
			projectRoot = "";
			targets = (
				C830EF701E61BF3600200D29 /* GrandTour */,
			);
		};
/* End PBXProject section */

/* Begin PBXResourcesBuildPhase section */
		C830EF6F1E61BF3600200D29 /* Resources */ = {
			isa = PBXResourcesBuildPhase;
			buildActionMask = 2147483647;
			files = (
				C830EF7F1E61BF3600200D29 /* LaunchScreen.storyboard in Resources */,
				C830EF7C1E61BF3600200D29 /* Assets.xcassets in Resources */,
				C830EF7A1E61BF3600200D29 /* Main.storyboard in Resources */,
				C81352A11E68CB1200702F9F /* landmarks.json in Resources */,
			);
			runOnlyForDeploymentPostprocessing = 0;
		};
/* End PBXResourcesBuildPhase section */

/* Begin PBXSourcesBuildPhase section */
		C830EF6D1E61BF3600200D29 /* Sources */ = {
			isa = PBXSourcesBuildPhase;
			buildActionMask = 2147483647;
			files = (
				C81352A51E68D82A00702F9F /* LandmarkCreatorViewController.swift in Sources */,
				C830EF771E61BF3600200D29 /* MapViewController.swift in Sources */,
				C830EF751E61BF3600200D29 /* AppDelegate.swift in Sources */,
			);
			runOnlyForDeploymentPostprocessing = 0;
		};
/* End PBXSourcesBuildPhase section */

/* Begin PBXVariantGroup section */
		C830EF781E61BF3600200D29 /* Main.storyboard */ = {
			isa = PBXVariantGroup;
			children = (
				C830EF791E61BF3600200D29 /* Base */,
			);
			name = Main.storyboard;
			sourceTree = "<group>";
		};
		C830EF7D1E61BF3600200D29 /* LaunchScreen.storyboard */ = {
			isa = PBXVariantGroup;
			children = (
				C830EF7E1E61BF3600200D29 /* Base */,
			);
			name = LaunchScreen.storyboard;
			sourceTree = "<group>";
		};
/* End PBXVariantGroup section */

/* Begin XCBuildConfiguration section */
		C830EF811E61BF3600200D29 /* Debug */ = {
			isa = XCBuildConfiguration;
			buildSettings = {
				ALWAYS_SEARCH_USER_PATHS = NO;
				CLANG_ANALYZER_NONNULL = YES;
				CLANG_CXX_LANGUAGE_STANDARD = "gnu++0x";
				CLANG_CXX_LIBRARY = "libc++";
				CLANG_ENABLE_MODULES = YES;
				CLANG_ENABLE_OBJC_ARC = YES;
				CLANG_WARN_BOOL_CONVERSION = YES;
				CLANG_WARN_CONSTANT_CONVERSION = YES;
				CLANG_WARN_DIRECT_OBJC_ISA_USAGE = YES_ERROR;
				CLANG_WARN_DOCUMENTATION_COMMENTS = YES;
				CLANG_WARN_EMPTY_BODY = YES;
				CLANG_WARN_ENUM_CONVERSION = YES;
				CLANG_WARN_INFINITE_RECURSION = YES;
				CLANG_WARN_INT_CONVERSION = YES;
				CLANG_WARN_OBJC_ROOT_CLASS = YES_ERROR;
				CLANG_WARN_SUSPICIOUS_MOVE = YES;
				CLANG_WARN_UNREACHABLE_CODE = YES;
				CLANG_WARN__DUPLICATE_METHOD_MATCH = YES;
				"CODE_SIGN_IDENTITY[sdk=iphoneos*]" = "iPhone Developer";
				COPY_PHASE_STRIP = NO;
				DEBUG_INFORMATION_FORMAT = dwarf;
				ENABLE_STRICT_OBJC_MSGSEND = YES;
				ENABLE_TESTABILITY = YES;
				GCC_C_LANGUAGE_STANDARD = gnu99;
				GCC_DYNAMIC_NO_PIC = NO;
				GCC_NO_COMMON_BLOCKS = YES;
				GCC_OPTIMIZATION_LEVEL = 0;
				GCC_PREPROCESSOR_DEFINITIONS = (
					"DEBUG=1",
					"$(inherited)",
				);
				GCC_WARN_64_TO_32_BIT_CONVERSION = YES;
				GCC_WARN_ABOUT_RETURN_TYPE = YES_ERROR;
				GCC_WARN_UNDECLARED_SELECTOR = YES;
				GCC_WARN_UNINITIALIZED_AUTOS = YES_AGGRESSIVE;
				GCC_WARN_UNUSED_FUNCTION = YES;
				GCC_WARN_UNUSED_VARIABLE = YES;
				IPHONEOS_DEPLOYMENT_TARGET = 10.2;
				MTL_ENABLE_DEBUG_INFO = YES;
				ONLY_ACTIVE_ARCH = YES;
				SDKROOT = iphoneos;
				SWIFT_ACTIVE_COMPILATION_CONDITIONS = DEBUG;
				SWIFT_OPTIMIZATION_LEVEL = "-Onone";
			};
			name = Debug;
		};
		C830EF821E61BF3600200D29 /* Release */ = {
			isa = XCBuildConfiguration;
			buildSettings = {
				ALWAYS_SEARCH_USER_PATHS = NO;
				CLANG_ANALYZER_NONNULL = YES;
				CLANG_CXX_LANGUAGE_STANDARD = "gnu++0x";
				CLANG_CXX_LIBRARY = "libc++";
				CLANG_ENABLE_MODULES = YES;
				CLANG_ENABLE_OBJC_ARC = YES;
				CLANG_WARN_BOOL_CONVERSION = YES;
				CLANG_WARN_CONSTANT_CONVERSION = YES;
				CLANG_WARN_DIRECT_OBJC_ISA_USAGE = YES_ERROR;
				CLANG_WARN_DOCUMENTATION_COMMENTS = YES;
				CLANG_WARN_EMPTY_BODY = YES;
				CLANG_WARN_ENUM_CONVERSION = YES;
				CLANG_WARN_INFINITE_RECURSION = YES;
				CLANG_WARN_INT_CONVERSION = YES;
				CLANG_WARN_OBJC_ROOT_CLASS = YES_ERROR;
				CLANG_WARN_SUSPICIOUS_MOVE = YES;
				CLANG_WARN_UNREACHABLE_CODE = YES;
				CLANG_WARN__DUPLICATE_METHOD_MATCH = YES;
				"CODE_SIGN_IDENTITY[sdk=iphoneos*]" = "iPhone Developer";
				COPY_PHASE_STRIP = NO;
				DEBUG_INFORMATION_FORMAT = "dwarf-with-dsym";
				ENABLE_NS_ASSERTIONS = NO;
				ENABLE_STRICT_OBJC_MSGSEND = YES;
				GCC_C_LANGUAGE_STANDARD = gnu99;
				GCC_NO_COMMON_BLOCKS = YES;
				GCC_WARN_64_TO_32_BIT_CONVERSION = YES;
				GCC_WARN_ABOUT_RETURN_TYPE = YES_ERROR;
				GCC_WARN_UNDECLARED_SELECTOR = YES;
				GCC_WARN_UNINITIALIZED_AUTOS = YES_AGGRESSIVE;
				GCC_WARN_UNUSED_FUNCTION = YES;
				GCC_WARN_UNUSED_VARIABLE = YES;
				IPHONEOS_DEPLOYMENT_TARGET = 10.2;
				MTL_ENABLE_DEBUG_INFO = NO;
				SDKROOT = iphoneos;
				SWIFT_OPTIMIZATION_LEVEL = "-Owholemodule";
				VALIDATE_PRODUCT = YES;
			};
			name = Release;
		};
		C830EF841E61BF3600200D29 /* Debug */ = {
			isa = XCBuildConfiguration;
			buildSettings = {
				ASSETCATALOG_COMPILER_APPICON_NAME = AppIcon;
				DEVELOPMENT_TEAM = J6LY6992AF;
				INFOPLIST_FILE = GrandTour/Info.plist;
				LD_RUNPATH_SEARCH_PATHS = "$(inherited) @executable_path/Frameworks";
				PRODUCT_BUNDLE_IDENTIFIER = io.cutting.GrandTour;
				PRODUCT_NAME = "$(TARGET_NAME)";
				SWIFT_VERSION = 3.0;
			};
			name = Debug;
		};
		C830EF851E61BF3600200D29 /* Release */ = {
			isa = XCBuildConfiguration;
			buildSettings = {
				ASSETCATALOG_COMPILER_APPICON_NAME = AppIcon;
				DEVELOPMENT_TEAM = J6LY6992AF;
				INFOPLIST_FILE = GrandTour/Info.plist;
				LD_RUNPATH_SEARCH_PATHS = "$(inherited) @executable_path/Frameworks";
				PRODUCT_BUNDLE_IDENTIFIER = io.cutting.GrandTour;
				PRODUCT_NAME = "$(TARGET_NAME)";
				SWIFT_VERSION = 3.0;
			};
			name = Release;
		};
/* End XCBuildConfiguration section */

/* Begin XCConfigurationList section */
		C830EF6C1E61BF3600200D29 /* Build configuration list for PBXProject "GrandTour" */ = {
			isa = XCConfigurationList;
			buildConfigurations = (
				C830EF811E61BF3600200D29 /* Debug */,
				C830EF821E61BF3600200D29 /* Release */,
			);
			defaultConfigurationIsVisible = 0;
			defaultConfigurationName = Release;
		};
		C830EF831E61BF3600200D29 /* Build configuration list for PBXNativeTarget "GrandTour" */ = {
			isa = XCConfigurationList;
			buildConfigurations = (
				C830EF841E61BF3600200D29 /* Debug */,
				C830EF851E61BF3600200D29 /* Release */,
			);
			defaultConfigurationIsVisible = 0;
			defaultConfigurationName = Release;
		};
/* End XCConfigurationList section */
	};
	rootObject = C830EF691E61BF3600200D29 /* Project object */;
}
